// !$*UTF8*$!
{
	archiveVersion = 1;
	classes = {
	};
	objectVersion = 46;
	objects = {

/* Begin PBXBuildFile section */
		5A01569E1AE2619700EED621 /* DiffTests.swift in Sources */ = {isa = PBXBuildFile; fileRef = 5A01569D1AE2619700EED621 /* DiffTests.swift */; };
		5A0156B21AE262A900EED621 /* Nimble.framework in Frameworks */ = {isa = PBXBuildFile; fileRef = 5A0156AF1AE2629C00EED621 /* Nimble.framework */; };
		5A0983D01AE39E5B001ADB1F /* Diff.swift in Sources */ = {isa = PBXBuildFile; fileRef = 5A0983CF1AE39E5B001ADB1F /* Diff.swift */; };
		5A0983D11AE39E5B001ADB1F /* Diff.swift in Sources */ = {isa = PBXBuildFile; fileRef = 5A0983CF1AE39E5B001ADB1F /* Diff.swift */; };
		5A0983DB1AE39ED2001ADB1F /* FeinstrukturUtils.framework in Frameworks */ = {isa = PBXBuildFile; fileRef = 5AD1E8751AE2A2BC0017CEEE /* FeinstrukturUtils.framework */; };
		5A0983DC1AE39ED7001ADB1F /* CryptoSwift.framework in Frameworks */ = {isa = PBXBuildFile; fileRef = 5AD1E80B1AE271C10017CEEE /* CryptoSwift.framework */; };
		5A0983DD1AE39EE0001ADB1F /* DiffMatchPatch.framework in Frameworks */ = {isa = PBXBuildFile; fileRef = 5AD1E7F91AE26ABD0017CEEE /* DiffMatchPatch.framework */; };
		5A17D91C1AF3CF9100429B79 /* new_playground.txt in Resources */ = {isa = PBXBuildFile; fileRef = 5A17D91B1AF3CF9100429B79 /* new_playground.txt */; };
		5A3013BD1B02978D003403FA /* FeinstrukturUtils.framework in CopyFiles */ = {isa = PBXBuildFile; fileRef = 5AD1E8751AE2A2BC0017CEEE /* FeinstrukturUtils.framework */; };
		5A3013BF1B0297DD003403FA /* libPocketSocket-OSX.dylib in CopyFiles */ = {isa = PBXBuildFile; fileRef = 5AB35B8E1AF22F1C00AF2F22 /* libPocketSocket-OSX.dylib */; settings = {ATTRIBUTES = (CodeSignOnCopy, ); }; };
		5A3013C01B0297DD003403FA /* CryptoSwift.framework in CopyFiles */ = {isa = PBXBuildFile; fileRef = 5AD1E80B1AE271C10017CEEE /* CryptoSwift.framework */; settings = {ATTRIBUTES = (CodeSignOnCopy, RemoveHeadersOnCopy, ); }; };
		5A3013C11B0297DD003403FA /* DiffMatchPatch.framework in CopyFiles */ = {isa = PBXBuildFile; fileRef = 5AD1E7F91AE26ABD0017CEEE /* DiffMatchPatch.framework */; settings = {ATTRIBUTES = (CodeSignOnCopy, RemoveHeadersOnCopy, ); }; };
		5A4B411E1AF3C71400BEC7BF /* DocClientServerTests.swift in Sources */ = {isa = PBXBuildFile; fileRef = 5A4B411D1AF3C71400BEC7BF /* DocClientServerTests.swift */; };
		5A4D7D9D1AF363FB005E0294 /* Command.swift in Sources */ = {isa = PBXBuildFile; fileRef = 5A4D7D9C1AF363FB005E0294 /* Command.swift */; };
		5A4D7D9E1AF363FB005E0294 /* Command.swift in Sources */ = {isa = PBXBuildFile; fileRef = 5A4D7D9C1AF363FB005E0294 /* Command.swift */; };
		5A4D7DAB1AF366B1005E0294 /* CommandTests.swift in Sources */ = {isa = PBXBuildFile; fileRef = 5A4D7DAA1AF366B1005E0294 /* CommandTests.swift */; };
		5A6377701B0B4B4B005C2637 /* DocNode.swift in Sources */ = {isa = PBXBuildFile; fileRef = 5A63776F1B0B4B4B005C2637 /* DocNode.swift */; };
		5A6377711B0B4B4B005C2637 /* DocNode.swift in Sources */ = {isa = PBXBuildFile; fileRef = 5A63776F1B0B4B4B005C2637 /* DocNode.swift */; };
		5A66AA141AF91CFC0098BD77 /* DocServer.swift in Sources */ = {isa = PBXBuildFile; fileRef = 5A66AA131AF91CFC0098BD77 /* DocServer.swift */; };
		5A66AA151AF91CFC0098BD77 /* DocServer.swift in Sources */ = {isa = PBXBuildFile; fileRef = 5A66AA131AF91CFC0098BD77 /* DocServer.swift */; };
		5A6A69961B034E7A00F718C5 /* test_a.txt in Resources */ = {isa = PBXBuildFile; fileRef = 5A6A69951B034E7A00F718C5 /* test_a.txt */; };
		5A6A69981B034E8E00F718C5 /* test_b.txt in Resources */ = {isa = PBXBuildFile; fileRef = 5A6A69971B034E8E00F718C5 /* test_b.txt */; };
		5A6B13EC1AE655FF006EBB31 /* Resolver.swift in Sources */ = {isa = PBXBuildFile; fileRef = 5A6B13EB1AE655FF006EBB31 /* Resolver.swift */; };
		5A6B14271AE674E3006EBB31 /* MainController.swift in Sources */ = {isa = PBXBuildFile; fileRef = 5A6B14251AE674E3006EBB31 /* MainController.swift */; };
		5A6B14281AE674E3006EBB31 /* MainController.xib in Resources */ = {isa = PBXBuildFile; fileRef = 5A6B14261AE674E3006EBB31 /* MainController.xib */; };
		5A6B14291AE68651006EBB31 /* Resolver.swift in Sources */ = {isa = PBXBuildFile; fileRef = 5A6B13EB1AE655FF006EBB31 /* Resolver.swift */; };
		5A76F5A31B02359800B67B7F /* ConnectionManager.swift in Sources */ = {isa = PBXBuildFile; fileRef = 5A76F5A21B02359800B67B7F /* ConnectionManager.swift */; };
		5A76F5B01B0236B600B67B7F /* ConnectionManagerTests.swift in Sources */ = {isa = PBXBuildFile; fileRef = 5A76F5AF1B0236B600B67B7F /* ConnectionManagerTests.swift */; };
		5A76F5B11B0236DA00B67B7F /* ConnectionManager.swift in Sources */ = {isa = PBXBuildFile; fileRef = 5A76F5A21B02359800B67B7F /* ConnectionManager.swift */; };
		5A76F5B31B02377500B67B7F /* ConnectedEditor.swift in Sources */ = {isa = PBXBuildFile; fileRef = 5A76F5B21B02377500B67B7F /* ConnectedEditor.swift */; };
		5A76F5B41B02377500B67B7F /* ConnectedEditor.swift in Sources */ = {isa = PBXBuildFile; fileRef = 5A76F5B21B02377500B67B7F /* ConnectedEditor.swift */; };
		5A7F36D31B04CD28006CFB97 /* ConnectedController.swift in Sources */ = {isa = PBXBuildFile; fileRef = 5A7F36D11B04CD28006CFB97 /* ConnectedController.swift */; };
		5A7F36D41B04CD28006CFB97 /* ConnectedController.xib in Resources */ = {isa = PBXBuildFile; fileRef = 5A7F36D21B04CD28006CFB97 /* ConnectedController.xib */; };
		5A9BE1831AD90862002817C0 /* CoPilotPlugin.xcscheme in Resources */ = {isa = PBXBuildFile; fileRef = 5A9BE1821AD90862002817C0 /* CoPilotPlugin.xcscheme */; };
		5A9BE1851AD90862002817C0 /* CoPilotPlugin.swift in Sources */ = {isa = PBXBuildFile; fileRef = 5A9BE1841AD90862002817C0 /* CoPilotPlugin.swift */; };
		5AA1D6601AFA52AA00FD107E /* Utils.swift in Sources */ = {isa = PBXBuildFile; fileRef = 5AA1D65F1AFA52AA00FD107E /* Utils.swift */; };
		5AA1D6611AFA52AA00FD107E /* Utils.swift in Sources */ = {isa = PBXBuildFile; fileRef = 5AA1D65F1AFA52AA00FD107E /* Utils.swift */; };
		5AA336EF1AFA06B2000E37B2 /* DocClient.swift in Sources */ = {isa = PBXBuildFile; fileRef = 5AA336EE1AFA06B2000E37B2 /* DocClient.swift */; };
		5AA336F01AFA06B2000E37B2 /* DocClient.swift in Sources */ = {isa = PBXBuildFile; fileRef = 5AA336EE1AFA06B2000E37B2 /* DocClient.swift */; };
		5AA3C0E61B1394D800CC9B4F /* Server.swift in Sources */ = {isa = PBXBuildFile; fileRef = 5AA3C0E51B1394D800CC9B4F /* Server.swift */; };
		5AA3C0E71B1394D800CC9B4F /* Server.swift in Sources */ = {isa = PBXBuildFile; fileRef = 5AA3C0E51B1394D800CC9B4F /* Server.swift */; };
		5AB35B8F1AF22F2B00AF2F22 /* libPocketSocket-OSX.dylib in Frameworks */ = {isa = PBXBuildFile; fileRef = 5AB35B8E1AF22F1C00AF2F22 /* libPocketSocket-OSX.dylib */; };
		5AB3A85C1B0BBBAB0068EE3A /* Selection.swift in Sources */ = {isa = PBXBuildFile; fileRef = 5AB3A85B1B0BBBAB0068EE3A /* Selection.swift */; };
		5AB3A85D1B0BBBAB0068EE3A /* Selection.swift in Sources */ = {isa = PBXBuildFile; fileRef = 5AB3A85B1B0BBBAB0068EE3A /* Selection.swift */; };
		5ABAACF11B11016900703634 /* Protocols.swift in Sources */ = {isa = PBXBuildFile; fileRef = 5ABAACF01B11016900703634 /* Protocols.swift */; };
		5ABAACF21B11016900703634 /* Protocols.swift in Sources */ = {isa = PBXBuildFile; fileRef = 5ABAACF01B11016900703634 /* Protocols.swift */; };
		5AC8A9681AE4E3870097FF8D /* BonjourTests.swift in Sources */ = {isa = PBXBuildFile; fileRef = 5AC8A9671AE4E3870097FF8D /* BonjourTests.swift */; };
		5AC8A9741AE541C80097FF8D /* Browser.swift in Sources */ = {isa = PBXBuildFile; fileRef = 5AC8A9731AE541C80097FF8D /* Browser.swift */; };
		5AC8A9751AE541C80097FF8D /* Browser.swift in Sources */ = {isa = PBXBuildFile; fileRef = 5AC8A9731AE541C80097FF8D /* Browser.swift */; };
		5AC8A9771AE542440097FF8D /* Bonjour.swift in Sources */ = {isa = PBXBuildFile; fileRef = 5AC8A9761AE542440097FF8D /* Bonjour.swift */; };
		5AC8A9781AE542440097FF8D /* Bonjour.swift in Sources */ = {isa = PBXBuildFile; fileRef = 5AC8A9761AE542440097FF8D /* Bonjour.swift */; };
		5ACE1B9C1AFDEA4F00154511 /* Document.swift in Sources */ = {isa = PBXBuildFile; fileRef = 5ACE1B9B1AFDEA4F00154511 /* Document.swift */; };
		5ACE1B9D1AFDEA4F00154511 /* Document.swift in Sources */ = {isa = PBXBuildFile; fileRef = 5ACE1B9B1AFDEA4F00154511 /* Document.swift */; };
		5ACE1BAA1AFDEABE00154511 /* Changeset.swift in Sources */ = {isa = PBXBuildFile; fileRef = 5ACE1BA91AFDEABE00154511 /* Changeset.swift */; };
		5ACE1BAB1AFDEABE00154511 /* Changeset.swift in Sources */ = {isa = PBXBuildFile; fileRef = 5ACE1BA91AFDEABE00154511 /* Changeset.swift */; };
		5AD1E7FD1AE26B070017CEEE /* DiffMatchPatch.framework in Frameworks */ = {isa = PBXBuildFile; fileRef = 5AD1E7F91AE26ABD0017CEEE /* DiffMatchPatch.framework */; };
		5AD1E8131AE271DA0017CEEE /* CryptoSwift.framework in Frameworks */ = {isa = PBXBuildFile; fileRef = 5AD1E80B1AE271C10017CEEE /* CryptoSwift.framework */; };
		5AD1E8761AE2A2BC0017CEEE /* FeinstrukturUtils.framework in Frameworks */ = {isa = PBXBuildFile; fileRef = 5AD1E8751AE2A2BC0017CEEE /* FeinstrukturUtils.framework */; };
		5AD85FBB1AF2263E007A52F9 /* ServerTests.swift in Sources */ = {isa = PBXBuildFile; fileRef = 5AD85FBA1AF2263E007A52F9 /* ServerTests.swift */; };
		5AD8E5F91B0FBD8B000F7D6E /* Cursor.swift in Sources */ = {isa = PBXBuildFile; fileRef = 5AD8E5F81B0FBD8B000F7D6E /* Cursor.swift */; };
		5AD8E6051B0FC112000F7D6E /* Cursor.swift in Sources */ = {isa = PBXBuildFile; fileRef = 5AD8E5F81B0FBD8B000F7D6E /* Cursor.swift */; };
		5ADA758E1AF24CB30074D8F0 /* libPocketSocket-OSX.dylib in Frameworks */ = {isa = PBXBuildFile; fileRef = 5AB35B8E1AF22F1C00AF2F22 /* libPocketSocket-OSX.dylib */; };
		5ADA75921AF24D220074D8F0 /* WebSocket.swift in Sources */ = {isa = PBXBuildFile; fileRef = 5ADA75911AF24D220074D8F0 /* WebSocket.swift */; };
		5ADA75931AF24D220074D8F0 /* WebSocket.swift in Sources */ = {isa = PBXBuildFile; fileRef = 5ADA75911AF24D220074D8F0 /* WebSocket.swift */; };
		5AEDE5471B01F706005F87F3 /* XcodeUtils.swift in Sources */ = {isa = PBXBuildFile; fileRef = 5AEDE5461B01F706005F87F3 /* XcodeUtils.swift */; };
		5AF58A231B032D6C00558448 /* XcodeUtils+mock.swift in Sources */ = {isa = PBXBuildFile; fileRef = 5AF58A221B032D6C00558448 /* XcodeUtils+mock.swift */; };
		5AFE91581B04AB0C00E6E5A1 /* IssueTests.swift in Sources */ = {isa = PBXBuildFile; fileRef = 5AFE91571B04AB0C00E6E5A1 /* IssueTests.swift */; };
		AB2112FFB96F38B5E16D22B5 /* libPods-CoPilotPlugin.a in Frameworks */ = {isa = PBXBuildFile; fileRef = 694D74A3438641705B10DC91 /* libPods-CoPilotPlugin.a */; };
/* End PBXBuildFile section */

/* Begin PBXContainerItemProxy section */
		5A0156AA1AE2629C00EED621 /* PBXContainerItemProxy */ = {
			isa = PBXContainerItemProxy;
			containerPortal = 5A0156A31AE2629C00EED621 /* Nimble.xcodeproj */;
			proxyType = 2;
			remoteGlobalIDString = 1F1A74291940169200FFFC47;
			remoteInfo = "Nimble-iOS";
		};
		5A0156AC1AE2629C00EED621 /* PBXContainerItemProxy */ = {
			isa = PBXContainerItemProxy;
			containerPortal = 5A0156A31AE2629C00EED621 /* Nimble.xcodeproj */;
			proxyType = 2;
			remoteGlobalIDString = 1F1A74341940169200FFFC47;
			remoteInfo = "Nimble-iOSTests";
		};
		5A0156AE1AE2629C00EED621 /* PBXContainerItemProxy */ = {
			isa = PBXContainerItemProxy;
			containerPortal = 5A0156A31AE2629C00EED621 /* Nimble.xcodeproj */;
			proxyType = 2;
			remoteGlobalIDString = 1F925EAD195C0D6300ED456B;
			remoteInfo = "Nimble-OSX";
		};
		5A0156B01AE2629C00EED621 /* PBXContainerItemProxy */ = {
			isa = PBXContainerItemProxy;
			containerPortal = 5A0156A31AE2629C00EED621 /* Nimble.xcodeproj */;
			proxyType = 2;
			remoteGlobalIDString = 1F925EB7195C0D6300ED456B;
			remoteInfo = "Nimble-OSXTests";
		};
		5A0156B31AE262F800EED621 /* PBXContainerItemProxy */ = {
			isa = PBXContainerItemProxy;
			containerPortal = 5A0156A31AE2629C00EED621 /* Nimble.xcodeproj */;
			proxyType = 1;
			remoteGlobalIDString = 1F925EAC195C0D6300ED456B;
			remoteInfo = "Nimble-OSX";
		};
		5A0156BE1AE263F500EED621 /* PBXContainerItemProxy */ = {
			isa = PBXContainerItemProxy;
			containerPortal = 5A0156B91AE263F500EED621 /* DiffMatchPatch.xcodeproj */;
			proxyType = 2;
			remoteGlobalIDString = 8DC2EF5B0486A6940098B216;
			remoteInfo = DiffMatchPatch;
		};
		5A0156C01AE263F500EED621 /* PBXContainerItemProxy */ = {
			isa = PBXContainerItemProxy;
			containerPortal = 5A0156B91AE263F500EED621 /* DiffMatchPatch.xcodeproj */;
			proxyType = 2;
			remoteGlobalIDString = 3D5BC0AF128CA8E200B8F5FF;
			remoteInfo = DiffMatchPatchTest;
		};
		5A6A69821B03423F00F718C5 /* PBXContainerItemProxy */ = {
			isa = PBXContainerItemProxy;
			containerPortal = 5AD1E8211AE29FE80017CEEE /* FeinstrukturUtils.xcodeproj */;
			proxyType = 1;
			remoteGlobalIDString = 5AD1E8301AE2A0A60017CEEE;
			remoteInfo = "FeinstrukturUtils-OSX";
		};
		5A6A698F1B03425100F718C5 /* PBXContainerItemProxy */ = {
			isa = PBXContainerItemProxy;
			containerPortal = 5AD1E8051AE271C10017CEEE /* CryptoSwift.xcodeproj */;
			proxyType = 1;
			remoteGlobalIDString = 754BE45419693E190098E6F3;
			remoteInfo = CryptoSwift;
		};
		5A6A69911B03427D00F718C5 /* PBXContainerItemProxy */ = {
			isa = PBXContainerItemProxy;
			containerPortal = 5AD85FC11AF22C95007A52F9 /* PocketSocket.xcodeproj */;
			proxyType = 1;
			remoteGlobalIDString = 5AB35B5A1AF22DC500AF2F22;
			remoteInfo = "PocketSocket-OSX";
		};
		5A6A69931B03428200F718C5 /* PBXContainerItemProxy */ = {
			isa = PBXContainerItemProxy;
			containerPortal = 5A0156B91AE263F500EED621 /* DiffMatchPatch.xcodeproj */;
			proxyType = 1;
			remoteGlobalIDString = 5AD1E7CD1AE266530017CEEE;
			remoteInfo = "DiffMatchPatch-OSX";
		};
		5A6B141D1AE65AE3006EBB31 /* PBXContainerItemProxy */ = {
			isa = PBXContainerItemProxy;
			containerPortal = 5A0156B91AE263F500EED621 /* DiffMatchPatch.xcodeproj */;
			proxyType = 2;
			remoteGlobalIDString = 6FF402C51AE4F71400ED7FEB;
			remoteInfo = "DiffMatchPatch OSX Tests";
		};
		5AB35B8D1AF22F1C00AF2F22 /* PBXContainerItemProxy */ = {
			isa = PBXContainerItemProxy;
			containerPortal = 5AD85FC11AF22C95007A52F9 /* PocketSocket.xcodeproj */;
			proxyType = 2;
			remoteGlobalIDString = 5AB35B5B1AF22DC500AF2F22;
			remoteInfo = "PocketSocket-OSX";
		};
		5AB35B901AF22F4100AF2F22 /* PBXContainerItemProxy */ = {
			isa = PBXContainerItemProxy;
			containerPortal = 5AD85FC11AF22C95007A52F9 /* PocketSocket.xcodeproj */;
			proxyType = 1;
			remoteGlobalIDString = 5AB35B5A1AF22DC500AF2F22;
			remoteInfo = "PocketSocket-OSX";
		};
		5AD1E7F81AE26ABD0017CEEE /* PBXContainerItemProxy */ = {
			isa = PBXContainerItemProxy;
			containerPortal = 5A0156B91AE263F500EED621 /* DiffMatchPatch.xcodeproj */;
			proxyType = 2;
			remoteGlobalIDString = 5AD1E7CE1AE266530017CEEE;
			remoteInfo = "DiffMatchPatch-OSX";
		};
		5AD1E7FE1AE26B1F0017CEEE /* PBXContainerItemProxy */ = {
			isa = PBXContainerItemProxy;
			containerPortal = 5A0156B91AE263F500EED621 /* DiffMatchPatch.xcodeproj */;
			proxyType = 1;
			remoteGlobalIDString = 5AD1E7CD1AE266530017CEEE;
			remoteInfo = "DiffMatchPatch-OSX";
		};
		5AD1E80A1AE271C10017CEEE /* PBXContainerItemProxy */ = {
			isa = PBXContainerItemProxy;
			containerPortal = 5AD1E8051AE271C10017CEEE /* CryptoSwift.xcodeproj */;
			proxyType = 2;
			remoteGlobalIDString = 754BE45519693E190098E6F3;
			remoteInfo = CryptoSwift;
		};
		5AD1E80C1AE271C10017CEEE /* PBXContainerItemProxy */ = {
			isa = PBXContainerItemProxy;
			containerPortal = 5AD1E8051AE271C10017CEEE /* CryptoSwift.xcodeproj */;
			proxyType = 2;
			remoteGlobalIDString = 754BE46019693E190098E6F3;
			remoteInfo = CryptoSwiftTests;
		};
		5AD1E8171AE273A20017CEEE /* PBXContainerItemProxy */ = {
			isa = PBXContainerItemProxy;
			containerPortal = 5AD1E8051AE271C10017CEEE /* CryptoSwift.xcodeproj */;
			proxyType = 1;
			remoteGlobalIDString = 754BE45419693E190098E6F3;
			remoteInfo = CryptoSwift;
		};
		5AD1E8271AE29FE80017CEEE /* PBXContainerItemProxy */ = {
			isa = PBXContainerItemProxy;
			containerPortal = 5AD1E8211AE29FE80017CEEE /* FeinstrukturUtils.xcodeproj */;
			proxyType = 2;
			remoteGlobalIDString = 5A13C0581AA709FF000B0323;
			remoteInfo = FeinstrukturUtils;
		};
		5AD1E8291AE29FE80017CEEE /* PBXContainerItemProxy */ = {
			isa = PBXContainerItemProxy;
			containerPortal = 5AD1E8211AE29FE80017CEEE /* FeinstrukturUtils.xcodeproj */;
			proxyType = 2;
			remoteGlobalIDString = 5A13C0621AA709FF000B0323;
			remoteInfo = FeinstrukturUtilsTests;
		};
		5AD1E8741AE2A2BC0017CEEE /* PBXContainerItemProxy */ = {
			isa = PBXContainerItemProxy;
			containerPortal = 5AD1E8211AE29FE80017CEEE /* FeinstrukturUtils.xcodeproj */;
			proxyType = 2;
			remoteGlobalIDString = 5AD1E8311AE2A0A60017CEEE;
			remoteInfo = "FeinstrukturUtils-OSX";
		};
		5AD1E87D1AE2A3090017CEEE /* PBXContainerItemProxy */ = {
			isa = PBXContainerItemProxy;
			containerPortal = 5AD1E8211AE29FE80017CEEE /* FeinstrukturUtils.xcodeproj */;
			proxyType = 1;
			remoteGlobalIDString = 5AD1E8301AE2A0A60017CEEE;
			remoteInfo = "FeinstrukturUtils-OSX";
		};
		5AD85FC61AF22C95007A52F9 /* PBXContainerItemProxy */ = {
			isa = PBXContainerItemProxy;
			containerPortal = 5AD85FC11AF22C95007A52F9 /* PocketSocket.xcodeproj */;
			proxyType = 2;
			remoteGlobalIDString = EEE5E30A18B37DD500BAE47A;
			remoteInfo = PocketSocket;
		};
		5AD85FC81AF22C95007A52F9 /* PBXContainerItemProxy */ = {
			isa = PBXContainerItemProxy;
			containerPortal = 5AD85FC11AF22C95007A52F9 /* PocketSocket.xcodeproj */;
			proxyType = 2;
			remoteGlobalIDString = EEE5E36018B37F8700BAE47A;
			remoteInfo = PSAutobahnClientTests;
		};
		5AE5A9991AFE11A300480382 /* PBXContainerItemProxy */ = {
			isa = PBXContainerItemProxy;
			containerPortal = 5AE5A9891AFE11A300480382 /* Pods.xcodeproj */;
			proxyType = 2;
			remoteGlobalIDString = 961068ECFF6460B7F9360273;
			remoteInfo = "Pods-CoPilotPlugin";
		};
		5AE5A99B1AFE11A300480382 /* PBXContainerItemProxy */ = {
			isa = PBXContainerItemProxy;
			containerPortal = 5AE5A9891AFE11A300480382 /* Pods.xcodeproj */;
			proxyType = 2;
			remoteGlobalIDString = 6A0B9AD7DFBA9B504DE1C550;
			remoteInfo = "Pods-CoPilotPlugin-DTXcodeUtils";
		};
		5AE5A99D1AFE11AF00480382 /* PBXContainerItemProxy */ = {
			isa = PBXContainerItemProxy;
			containerPortal = 5AE5A9891AFE11A300480382 /* Pods.xcodeproj */;
			proxyType = 1;
			remoteGlobalIDString = 450BC294520F23BD66C27D79;
			remoteInfo = "Pods-CoPilotPlugin";
		};
		5AE5A99F1AFE11AF00480382 /* PBXContainerItemProxy */ = {
			isa = PBXContainerItemProxy;
			containerPortal = 5AE5A9891AFE11A300480382 /* Pods.xcodeproj */;
			proxyType = 1;
			remoteGlobalIDString = 070683E6AB0543A06120299F;
			remoteInfo = "Pods-CoPilotPlugin-DTXcodeUtils";
		};
/* End PBXContainerItemProxy section */

/* Begin PBXCopyFilesBuildPhase section */
		5A3013AD1B029627003403FA /* CopyFiles */ = {
			isa = PBXCopyFilesBuildPhase;
			buildActionMask = 2147483647;
			dstPath = "";
			dstSubfolderSpec = 10;
			files = (
				5A3013BF1B0297DD003403FA /* libPocketSocket-OSX.dylib in CopyFiles */,
				5A3013BD1B02978D003403FA /* FeinstrukturUtils.framework in CopyFiles */,
				5A3013C01B0297DD003403FA /* CryptoSwift.framework in CopyFiles */,
				5A3013C11B0297DD003403FA /* DiffMatchPatch.framework in CopyFiles */,
			);
			runOnlyForDeploymentPostprocessing = 0;
		};
/* End PBXCopyFilesBuildPhase section */

/* Begin PBXFileReference section */
		0F2235F46F0E3D045D99009C /* Pods-CoPilotPlugin.release.xcconfig */ = {isa = PBXFileReference; includeInIndex = 1; lastKnownFileType = text.xcconfig; name = "Pods-CoPilotPlugin.release.xcconfig"; path = "Pods/Target Support Files/Pods-CoPilotPlugin/Pods-CoPilotPlugin.release.xcconfig"; sourceTree = "<group>"; };
		5A0156991AE2619700EED621 /* CoPilotPluginTests.xctest */ = {isa = PBXFileReference; explicitFileType = wrapper.cfbundle; includeInIndex = 0; path = CoPilotPluginTests.xctest; sourceTree = BUILT_PRODUCTS_DIR; };
		5A01569C1AE2619700EED621 /* Info.plist */ = {isa = PBXFileReference; lastKnownFileType = text.plist.xml; path = Info.plist; sourceTree = "<group>"; };
		5A01569D1AE2619700EED621 /* DiffTests.swift */ = {isa = PBXFileReference; lastKnownFileType = sourcecode.swift; path = DiffTests.swift; sourceTree = "<group>"; };
		5A0156A31AE2629C00EED621 /* Nimble.xcodeproj */ = {isa = PBXFileReference; lastKnownFileType = "wrapper.pb-project"; name = Nimble.xcodeproj; path = External/Nimble/Nimble.xcodeproj; sourceTree = "<group>"; };
		5A0156B91AE263F500EED621 /* DiffMatchPatch.xcodeproj */ = {isa = PBXFileReference; lastKnownFileType = "wrapper.pb-project"; name = DiffMatchPatch.xcodeproj; path = "External/aerogear-diffmatchpatch/DiffMatchPatch.xcodeproj"; sourceTree = "<group>"; };
		5A0156C51AE2644800EED621 /* CoPilotPluginTests-Bridging-Header.h */ = {isa = PBXFileReference; lastKnownFileType = sourcecode.c.h; path = "CoPilotPluginTests-Bridging-Header.h"; sourceTree = "<group>"; };
		5A0983CF1AE39E5B001ADB1F /* Diff.swift */ = {isa = PBXFileReference; fileEncoding = 4; lastKnownFileType = sourcecode.swift; path = Diff.swift; sourceTree = "<group>"; };
		5A0983E41AE39F68001ADB1F /* CoPilotPlugin-Bridging-Header.h */ = {isa = PBXFileReference; lastKnownFileType = sourcecode.c.h; path = "CoPilotPlugin-Bridging-Header.h"; sourceTree = "<group>"; };
		5A17D91B1AF3CF9100429B79 /* new_playground.txt */ = {isa = PBXFileReference; fileEncoding = 4; lastKnownFileType = text; path = new_playground.txt; sourceTree = "<group>"; };
		5A4B411D1AF3C71400BEC7BF /* DocClientServerTests.swift */ = {isa = PBXFileReference; fileEncoding = 4; lastKnownFileType = sourcecode.swift; path = DocClientServerTests.swift; sourceTree = "<group>"; };
		5A4D7D9C1AF363FB005E0294 /* Command.swift */ = {isa = PBXFileReference; fileEncoding = 4; lastKnownFileType = sourcecode.swift; path = Command.swift; sourceTree = "<group>"; };
		5A4D7DAA1AF366B1005E0294 /* CommandTests.swift */ = {isa = PBXFileReference; fileEncoding = 4; lastKnownFileType = sourcecode.swift; path = CommandTests.swift; sourceTree = "<group>"; };
		5A63776F1B0B4B4B005C2637 /* DocNode.swift */ = {isa = PBXFileReference; fileEncoding = 4; lastKnownFileType = sourcecode.swift; path = DocNode.swift; sourceTree = "<group>"; };
		5A66AA131AF91CFC0098BD77 /* DocServer.swift */ = {isa = PBXFileReference; fileEncoding = 4; lastKnownFileType = sourcecode.swift; path = DocServer.swift; sourceTree = "<group>"; };
		5A6A69951B034E7A00F718C5 /* test_a.txt */ = {isa = PBXFileReference; fileEncoding = 4; lastKnownFileType = text; path = test_a.txt; sourceTree = "<group>"; };
		5A6A69971B034E8E00F718C5 /* test_b.txt */ = {isa = PBXFileReference; fileEncoding = 4; lastKnownFileType = text; path = test_b.txt; sourceTree = "<group>"; };
		5A6B13EB1AE655FF006EBB31 /* Resolver.swift */ = {isa = PBXFileReference; fileEncoding = 4; lastKnownFileType = sourcecode.swift; path = Resolver.swift; sourceTree = "<group>"; };
		5A6B14251AE674E3006EBB31 /* MainController.swift */ = {isa = PBXFileReference; fileEncoding = 4; lastKnownFileType = sourcecode.swift; path = MainController.swift; sourceTree = "<group>"; };
		5A6B14261AE674E3006EBB31 /* MainController.xib */ = {isa = PBXFileReference; fileEncoding = 4; lastKnownFileType = file.xib; path = MainController.xib; sourceTree = "<group>"; };
		5A76F5A21B02359800B67B7F /* ConnectionManager.swift */ = {isa = PBXFileReference; fileEncoding = 4; lastKnownFileType = sourcecode.swift; path = ConnectionManager.swift; sourceTree = "<group>"; };
		5A76F5AF1B0236B600B67B7F /* ConnectionManagerTests.swift */ = {isa = PBXFileReference; fileEncoding = 4; lastKnownFileType = sourcecode.swift; path = ConnectionManagerTests.swift; sourceTree = "<group>"; };
		5A76F5B21B02377500B67B7F /* ConnectedEditor.swift */ = {isa = PBXFileReference; fileEncoding = 4; lastKnownFileType = sourcecode.swift; path = ConnectedEditor.swift; sourceTree = "<group>"; };
		5A7F36D11B04CD28006CFB97 /* ConnectedController.swift */ = {isa = PBXFileReference; fileEncoding = 4; lastKnownFileType = sourcecode.swift; path = ConnectedController.swift; sourceTree = "<group>"; };
		5A7F36D21B04CD28006CFB97 /* ConnectedController.xib */ = {isa = PBXFileReference; fileEncoding = 4; lastKnownFileType = file.xib; path = ConnectedController.xib; sourceTree = "<group>"; };
		5A9BE17D1AD90862002817C0 /* CoPilot.xcplugin */ = {isa = PBXFileReference; explicitFileType = wrapper.cfbundle; includeInIndex = 0; path = CoPilot.xcplugin; sourceTree = BUILT_PRODUCTS_DIR; };
		5A9BE1811AD90862002817C0 /* Info.plist */ = {isa = PBXFileReference; lastKnownFileType = text.plist.xml; path = Info.plist; sourceTree = "<group>"; };
		5A9BE1821AD90862002817C0 /* CoPilotPlugin.xcscheme */ = {isa = PBXFileReference; lastKnownFileType = text.xml; name = CoPilotPlugin.xcscheme; path = CoPilotPlugin.xcodeproj/xcshareddata/xcschemes/CoPilotPlugin.xcscheme; sourceTree = SOURCE_ROOT; };
		5A9BE1841AD90862002817C0 /* CoPilotPlugin.swift */ = {isa = PBXFileReference; lastKnownFileType = sourcecode.swift; path = CoPilotPlugin.swift; sourceTree = "<group>"; };
		5AA1D65F1AFA52AA00FD107E /* Utils.swift */ = {isa = PBXFileReference; fileEncoding = 4; lastKnownFileType = sourcecode.swift; path = Utils.swift; sourceTree = "<group>"; };
		5AA336EE1AFA06B2000E37B2 /* DocClient.swift */ = {isa = PBXFileReference; fileEncoding = 4; lastKnownFileType = sourcecode.swift; path = DocClient.swift; sourceTree = "<group>"; };
		5AA3C0E51B1394D800CC9B4F /* Server.swift */ = {isa = PBXFileReference; fileEncoding = 4; lastKnownFileType = sourcecode.swift; path = Server.swift; sourceTree = "<group>"; };
		5AB3A85B1B0BBBAB0068EE3A /* Selection.swift */ = {isa = PBXFileReference; fileEncoding = 4; lastKnownFileType = sourcecode.swift; path = Selection.swift; sourceTree = "<group>"; };
		5ABAACF01B11016900703634 /* Protocols.swift */ = {isa = PBXFileReference; fileEncoding = 4; lastKnownFileType = sourcecode.swift; path = Protocols.swift; sourceTree = "<group>"; };
		5AC8A9671AE4E3870097FF8D /* BonjourTests.swift */ = {isa = PBXFileReference; fileEncoding = 4; lastKnownFileType = sourcecode.swift; path = BonjourTests.swift; sourceTree = "<group>"; };
		5AC8A9731AE541C80097FF8D /* Browser.swift */ = {isa = PBXFileReference; fileEncoding = 4; lastKnownFileType = sourcecode.swift; path = Browser.swift; sourceTree = "<group>"; };
		5AC8A9761AE542440097FF8D /* Bonjour.swift */ = {isa = PBXFileReference; fileEncoding = 4; lastKnownFileType = sourcecode.swift; path = Bonjour.swift; sourceTree = "<group>"; };
		5ACE1B9B1AFDEA4F00154511 /* Document.swift */ = {isa = PBXFileReference; fileEncoding = 4; lastKnownFileType = sourcecode.swift; path = Document.swift; sourceTree = "<group>"; };
		5ACE1BA91AFDEABE00154511 /* Changeset.swift */ = {isa = PBXFileReference; fileEncoding = 4; lastKnownFileType = sourcecode.swift; path = Changeset.swift; sourceTree = "<group>"; };
		5AD1E8051AE271C10017CEEE /* CryptoSwift.xcodeproj */ = {isa = PBXFileReference; lastKnownFileType = "wrapper.pb-project"; name = CryptoSwift.xcodeproj; path = External/CryptoSwift/CryptoSwift.xcodeproj; sourceTree = "<group>"; };
		5AD1E8211AE29FE80017CEEE /* FeinstrukturUtils.xcodeproj */ = {isa = PBXFileReference; lastKnownFileType = "wrapper.pb-project"; name = FeinstrukturUtils.xcodeproj; path = External/FeinstrukturUtils/FeinstrukturUtils.xcodeproj; sourceTree = "<group>"; };
		5AD85FBA1AF2263E007A52F9 /* ServerTests.swift */ = {isa = PBXFileReference; fileEncoding = 4; lastKnownFileType = sourcecode.swift; path = ServerTests.swift; sourceTree = "<group>"; };
		5AD85FC11AF22C95007A52F9 /* PocketSocket.xcodeproj */ = {isa = PBXFileReference; lastKnownFileType = "wrapper.pb-project"; name = PocketSocket.xcodeproj; path = External/PocketSocket/PocketSocket.xcodeproj; sourceTree = "<group>"; };
		5AD8E5F81B0FBD8B000F7D6E /* Cursor.swift */ = {isa = PBXFileReference; fileEncoding = 4; lastKnownFileType = sourcecode.swift; path = Cursor.swift; sourceTree = "<group>"; };
		5ADA75911AF24D220074D8F0 /* WebSocket.swift */ = {isa = PBXFileReference; fileEncoding = 4; lastKnownFileType = sourcecode.swift; path = WebSocket.swift; sourceTree = "<group>"; };
		5AE5A9891AFE11A300480382 /* Pods.xcodeproj */ = {isa = PBXFileReference; lastKnownFileType = "wrapper.pb-project"; name = Pods.xcodeproj; path = Pods/Pods.xcodeproj; sourceTree = "<group>"; };
		5AEDE5461B01F706005F87F3 /* XcodeUtils.swift */ = {isa = PBXFileReference; fileEncoding = 4; lastKnownFileType = sourcecode.swift; path = XcodeUtils.swift; sourceTree = "<group>"; };
		5AF58A221B032D6C00558448 /* XcodeUtils+mock.swift */ = {isa = PBXFileReference; fileEncoding = 4; lastKnownFileType = sourcecode.swift; path = "XcodeUtils+mock.swift"; sourceTree = "<group>"; };
		5AFE91571B04AB0C00E6E5A1 /* IssueTests.swift */ = {isa = PBXFileReference; fileEncoding = 4; lastKnownFileType = sourcecode.swift; path = IssueTests.swift; sourceTree = "<group>"; };
		694D74A3438641705B10DC91 /* libPods-CoPilotPlugin.a */ = {isa = PBXFileReference; explicitFileType = archive.ar; includeInIndex = 0; path = "libPods-CoPilotPlugin.a"; sourceTree = BUILT_PRODUCTS_DIR; };
		7FBB91E149A9581F9E082031 /* Pods-CoPilotPlugin.debug.xcconfig */ = {isa = PBXFileReference; includeInIndex = 1; lastKnownFileType = text.xcconfig; name = "Pods-CoPilotPlugin.debug.xcconfig"; path = "Pods/Target Support Files/Pods-CoPilotPlugin/Pods-CoPilotPlugin.debug.xcconfig"; sourceTree = "<group>"; };
/* End PBXFileReference section */

/* Begin PBXFrameworksBuildPhase section */
		5A0156961AE2619700EED621 /* Frameworks */ = {
			isa = PBXFrameworksBuildPhase;
			buildActionMask = 2147483647;
			files = (
				5AB35B8F1AF22F2B00AF2F22 /* libPocketSocket-OSX.dylib in Frameworks */,
				5AD1E8761AE2A2BC0017CEEE /* FeinstrukturUtils.framework in Frameworks */,
				5AD1E8131AE271DA0017CEEE /* CryptoSwift.framework in Frameworks */,
				5AD1E7FD1AE26B070017CEEE /* DiffMatchPatch.framework in Frameworks */,
				5A0156B21AE262A900EED621 /* Nimble.framework in Frameworks */,
			);
			runOnlyForDeploymentPostprocessing = 0;
		};
		5A0983DA1AE39ECA001ADB1F /* Frameworks */ = {
			isa = PBXFrameworksBuildPhase;
			buildActionMask = 2147483647;
			files = (
				5ADA758E1AF24CB30074D8F0 /* libPocketSocket-OSX.dylib in Frameworks */,
				5A0983DD1AE39EE0001ADB1F /* DiffMatchPatch.framework in Frameworks */,
				5A0983DC1AE39ED7001ADB1F /* CryptoSwift.framework in Frameworks */,
				5A0983DB1AE39ED2001ADB1F /* FeinstrukturUtils.framework in Frameworks */,
				AB2112FFB96F38B5E16D22B5 /* libPods-CoPilotPlugin.a in Frameworks */,
			);
			runOnlyForDeploymentPostprocessing = 0;
		};
/* End PBXFrameworksBuildPhase section */

/* Begin PBXGroup section */
		5A01569A1AE2619700EED621 /* CoPilotPluginTests */ = {
			isa = PBXGroup;
			children = (
				5AC8A9671AE4E3870097FF8D /* BonjourTests.swift */,
				5A4D7DAA1AF366B1005E0294 /* CommandTests.swift */,
				5A76F5AF1B0236B600B67B7F /* ConnectionManagerTests.swift */,
				5A01569D1AE2619700EED621 /* DiffTests.swift */,
				5AFE91571B04AB0C00E6E5A1 /* IssueTests.swift */,
				5AD85FBA1AF2263E007A52F9 /* ServerTests.swift */,
				5A4B411D1AF3C71400BEC7BF /* DocClientServerTests.swift */,
				5A01569B1AE2619700EED621 /* Supporting Files */,
				5AF58A221B032D6C00558448 /* XcodeUtils+mock.swift */,
			);
			path = CoPilotPluginTests;
			sourceTree = "<group>";
		};
		5A01569B1AE2619700EED621 /* Supporting Files */ = {
			isa = PBXGroup;
			children = (
				5A0156C51AE2644800EED621 /* CoPilotPluginTests-Bridging-Header.h */,
				5A01569C1AE2619700EED621 /* Info.plist */,
				5A17D91B1AF3CF9100429B79 /* new_playground.txt */,
				5A6A69951B034E7A00F718C5 /* test_a.txt */,
				5A6A69971B034E8E00F718C5 /* test_b.txt */,
			);
			name = "Supporting Files";
			sourceTree = "<group>";
		};
		5A0156A21AE2629200EED621 /* External */ = {
			isa = PBXGroup;
			children = (
				5AE5A9891AFE11A300480382 /* Pods.xcodeproj */,
				5AD85FC11AF22C95007A52F9 /* PocketSocket.xcodeproj */,
				5AD1E8211AE29FE80017CEEE /* FeinstrukturUtils.xcodeproj */,
				5AD1E8051AE271C10017CEEE /* CryptoSwift.xcodeproj */,
				5A0156B91AE263F500EED621 /* DiffMatchPatch.xcodeproj */,
				5A0156A31AE2629C00EED621 /* Nimble.xcodeproj */,
			);
			name = External;
			sourceTree = "<group>";
		};
		5A0156A41AE2629C00EED621 /* Products */ = {
			isa = PBXGroup;
			children = (
				5A0156AB1AE2629C00EED621 /* Nimble.framework */,
				5A0156AD1AE2629C00EED621 /* NimbleTests.xctest */,
				5A0156AF1AE2629C00EED621 /* Nimble.framework */,
				5A0156B11AE2629C00EED621 /* NimbleTests.xctest */,
			);
			name = Products;
			sourceTree = "<group>";
		};
		5A0156BA1AE263F500EED621 /* Products */ = {
			isa = PBXGroup;
			children = (
				5A0156BF1AE263F500EED621 /* DiffMatchPatch.framework */,
				5AD1E7F91AE26ABD0017CEEE /* DiffMatchPatch.framework */,
				5A0156C11AE263F500EED621 /* DiffMatchPatchTest.xctest */,
				5A6B141E1AE65AE3006EBB31 /* DiffMatchPatch OSX Tests.xctest */,
			);
			name = Products;
			sourceTree = "<group>";
		};
		5A6B14241AE65AEB006EBB31 /* UI */ = {
			isa = PBXGroup;
			children = (
				5A6B14251AE674E3006EBB31 /* MainController.swift */,
				5A6B14261AE674E3006EBB31 /* MainController.xib */,
				5A7F36D11B04CD28006CFB97 /* ConnectedController.swift */,
				5A7F36D21B04CD28006CFB97 /* ConnectedController.xib */,
				5AD8E5F81B0FBD8B000F7D6E /* Cursor.swift */,
			);
			name = UI;
			sourceTree = "<group>";
		};
		5A9BE1751AD90862002817C0 = {
			isa = PBXGroup;
			children = (
				5A9BE17F1AD90862002817C0 /* CoPilotPlugin */,
				5A01569A1AE2619700EED621 /* CoPilotPluginTests */,
				5A9BE17E1AD90862002817C0 /* Products */,
				5A0156A21AE2629200EED621 /* External */,
				D933B4F85EA6979C452E7313 /* Pods */,
				BD2F004D9881D13D7864FD9B /* Frameworks */,
			);
			sourceTree = "<group>";
		};
		5A9BE17E1AD90862002817C0 /* Products */ = {
			isa = PBXGroup;
			children = (
				5A9BE17D1AD90862002817C0 /* CoPilot.xcplugin */,
				5A0156991AE2619700EED621 /* CoPilotPluginTests.xctest */,
			);
			name = Products;
			sourceTree = "<group>";
		};
		5A9BE17F1AD90862002817C0 /* CoPilotPlugin */ = {
			isa = PBXGroup;
			children = (
				5A9BE1841AD90862002817C0 /* CoPilotPlugin.swift */,
				5A76F5A21B02359800B67B7F /* ConnectionManager.swift */,
				5AA1D65F1AFA52AA00FD107E /* Utils.swift */,
				5AEDE5461B01F706005F87F3 /* XcodeUtils.swift */,
				5ACE1BAC1AFDEB0400154511 /* Diff */,
				5ACE1BAD1AFDEB4E00154511 /* Network */,
				5ACE1BAE1AFDEBED00154511 /* Model */,
				5A6B14241AE65AEB006EBB31 /* UI */,
				5A9BE1801AD90862002817C0 /* Supporting Files */,
			);
			path = CoPilotPlugin;
			sourceTree = "<group>";
		};
		5A9BE1801AD90862002817C0 /* Supporting Files */ = {
			isa = PBXGroup;
			children = (
				5A0983E41AE39F68001ADB1F /* CoPilotPlugin-Bridging-Header.h */,
				5A9BE1811AD90862002817C0 /* Info.plist */,
				5A9BE1821AD90862002817C0 /* CoPilotPlugin.xcscheme */,
			);
			name = "Supporting Files";
			sourceTree = "<group>";
		};
		5ACE1BAC1AFDEB0400154511 /* Diff */ = {
			isa = PBXGroup;
			children = (
				5ACE1BA91AFDEABE00154511 /* Changeset.swift */,
				5A0983CF1AE39E5B001ADB1F /* Diff.swift */,
				5ACE1B9B1AFDEA4F00154511 /* Document.swift */,
			);
			name = Diff;
			sourceTree = "<group>";
		};
		5ACE1BAD1AFDEB4E00154511 /* Network */ = {
			isa = PBXGroup;
			children = (
				5AC8A9761AE542440097FF8D /* Bonjour.swift */,
				5AC8A9731AE541C80097FF8D /* Browser.swift */,
				5A6B13EB1AE655FF006EBB31 /* Resolver.swift */,
				5AA3C0E51B1394D800CC9B4F /* Server.swift */,
				5ADA75911AF24D220074D8F0 /* WebSocket.swift */,
			);
			name = Network;
			sourceTree = "<group>";
		};
		5ACE1BAE1AFDEBED00154511 /* Model */ = {
			isa = PBXGroup;
			children = (
				5A4D7D9C1AF363FB005E0294 /* Command.swift */,
				5A76F5B21B02377500B67B7F /* ConnectedEditor.swift */,
				5AA336EE1AFA06B2000E37B2 /* DocClient.swift */,
				5A63776F1B0B4B4B005C2637 /* DocNode.swift */,
				5A66AA131AF91CFC0098BD77 /* DocServer.swift */,
				5AB3A85B1B0BBBAB0068EE3A /* Selection.swift */,
				5ABAACF01B11016900703634 /* Protocols.swift */,
			);
			name = Model;
			sourceTree = "<group>";
		};
		5AD1E8061AE271C10017CEEE /* Products */ = {
			isa = PBXGroup;
			children = (
				5AD1E80B1AE271C10017CEEE /* CryptoSwift.framework */,
				5AD1E80D1AE271C10017CEEE /* CryptoSwiftTests.xctest */,
			);
			name = Products;
			sourceTree = "<group>";
		};
		5AD1E8221AE29FE80017CEEE /* Products */ = {
			isa = PBXGroup;
			children = (
				5AD1E8281AE29FE80017CEEE /* FeinstrukturUtils.framework */,
				5AD1E82A1AE29FE80017CEEE /* FeinstrukturUtilsTests.xctest */,
				5AD1E8751AE2A2BC0017CEEE /* FeinstrukturUtils.framework */,
			);
			name = Products;
			sourceTree = "<group>";
		};
		5AD85FC21AF22C95007A52F9 /* Products */ = {
			isa = PBXGroup;
			children = (
				5AD85FC71AF22C95007A52F9 /* libPocketSocket.a */,
				5AD85FC91AF22C95007A52F9 /* PSAutobahnClientTests.xctest */,
				5AB35B8E1AF22F1C00AF2F22 /* libPocketSocket-OSX.dylib */,
			);
			name = Products;
			sourceTree = "<group>";
		};
		5AE5A98A1AFE11A300480382 /* Products */ = {
			isa = PBXGroup;
			children = (
				5AE5A99A1AFE11A300480382 /* libPods-CoPilotPlugin.a */,
				5AE5A99C1AFE11A300480382 /* libPods-CoPilotPlugin-DTXcodeUtils.a */,
			);
			name = Products;
			sourceTree = "<group>";
		};
		BD2F004D9881D13D7864FD9B /* Frameworks */ = {
			isa = PBXGroup;
			children = (
				694D74A3438641705B10DC91 /* libPods-CoPilotPlugin.a */,
			);
			name = Frameworks;
			sourceTree = "<group>";
		};
		D933B4F85EA6979C452E7313 /* Pods */ = {
			isa = PBXGroup;
			children = (
				7FBB91E149A9581F9E082031 /* Pods-CoPilotPlugin.debug.xcconfig */,
				0F2235F46F0E3D045D99009C /* Pods-CoPilotPlugin.release.xcconfig */,
			);
			name = Pods;
			sourceTree = "<group>";
		};
/* End PBXGroup section */

/* Begin PBXNativeTarget section */
		5A0156981AE2619700EED621 /* CoPilotPluginTests */ = {
			isa = PBXNativeTarget;
			buildConfigurationList = 5A0156A11AE2619700EED621 /* Build configuration list for PBXNativeTarget "CoPilotPluginTests" */;
			buildPhases = (
				5A0156951AE2619700EED621 /* Sources */,
				5A0156961AE2619700EED621 /* Frameworks */,
				5A0156971AE2619700EED621 /* Resources */,
			);
			buildRules = (
			);
			dependencies = (
				5AB35B911AF22F4100AF2F22 /* PBXTargetDependency */,
				5AD1E87E1AE2A3090017CEEE /* PBXTargetDependency */,
				5AD1E8181AE273A20017CEEE /* PBXTargetDependency */,
				5AD1E7FF1AE26B1F0017CEEE /* PBXTargetDependency */,
				5A0156B41AE262F800EED621 /* PBXTargetDependency */,
			);
			name = CoPilotPluginTests;
			productName = CoPilotPluginTests;
			productReference = 5A0156991AE2619700EED621 /* CoPilotPluginTests.xctest */;
			productType = "com.apple.product-type.bundle.unit-test";
		};
		5A9BE17C1AD90862002817C0 /* CoPilotPlugin */ = {
			isa = PBXNativeTarget;
			buildConfigurationList = 5A9BE1881AD90862002817C0 /* Build configuration list for PBXNativeTarget "CoPilotPlugin" */;
			buildPhases = (
				E47B13D07D9C77AA3FE67339 /* Check Pods Manifest.lock */,
				5A9BE17A1AD90862002817C0 /* Sources */,
				5A9BE17B1AD90862002817C0 /* Resources */,
				5A0983DA1AE39ECA001ADB1F /* Frameworks */,
				6A99EF398B3026E826CCE97F /* Copy Pods Resources */,
				5A3013AD1B029627003403FA /* CopyFiles */,
			);
			buildRules = (
			);
			dependencies = (
				5A6A69941B03428200F718C5 /* PBXTargetDependency */,
				5A6A69921B03427D00F718C5 /* PBXTargetDependency */,
				5A6A69901B03425100F718C5 /* PBXTargetDependency */,
				5A6A69831B03423F00F718C5 /* PBXTargetDependency */,
				5AE5A99E1AFE11AF00480382 /* PBXTargetDependency */,
				5AE5A9A01AFE11AF00480382 /* PBXTargetDependency */,
			);
			name = CoPilotPlugin;
			productName = CoPilotPlugin;
			productReference = 5A9BE17D1AD90862002817C0 /* CoPilot.xcplugin */;
			productType = "com.apple.product-type.bundle";
		};
/* End PBXNativeTarget section */

/* Begin PBXProject section */
		5A9BE1761AD90862002817C0 /* Project object */ = {
			isa = PBXProject;
			attributes = {
				LastUpgradeCheck = 0630;
				ORGANIZATIONNAME = feinstruktur;
				TargetAttributes = {
					5A0156981AE2619700EED621 = {
						CreatedOnToolsVersion = 6.3;
					};
					5A9BE17C1AD90862002817C0 = {
						CreatedOnToolsVersion = 6.3;
					};
				};
			};
			buildConfigurationList = 5A9BE1791AD90862002817C0 /* Build configuration list for PBXProject "CoPilotPlugin" */;
			compatibilityVersion = "Xcode 3.2";
			developmentRegion = English;
			hasScannedForEncodings = 0;
			knownRegions = (
				en,
			);
			mainGroup = 5A9BE1751AD90862002817C0;
			productRefGroup = 5A9BE17E1AD90862002817C0 /* Products */;
			projectDirPath = "";
			projectReferences = (
				{
					ProductGroup = 5AD1E8061AE271C10017CEEE /* Products */;
					ProjectRef = 5AD1E8051AE271C10017CEEE /* CryptoSwift.xcodeproj */;
				},
				{
					ProductGroup = 5A0156BA1AE263F500EED621 /* Products */;
					ProjectRef = 5A0156B91AE263F500EED621 /* DiffMatchPatch.xcodeproj */;
				},
				{
					ProductGroup = 5AD1E8221AE29FE80017CEEE /* Products */;
					ProjectRef = 5AD1E8211AE29FE80017CEEE /* FeinstrukturUtils.xcodeproj */;
				},
				{
					ProductGroup = 5A0156A41AE2629C00EED621 /* Products */;
					ProjectRef = 5A0156A31AE2629C00EED621 /* Nimble.xcodeproj */;
				},
				{
					ProductGroup = 5AD85FC21AF22C95007A52F9 /* Products */;
					ProjectRef = 5AD85FC11AF22C95007A52F9 /* PocketSocket.xcodeproj */;
				},
				{
					ProductGroup = 5AE5A98A1AFE11A300480382 /* Products */;
					ProjectRef = 5AE5A9891AFE11A300480382 /* Pods.xcodeproj */;
				},
			);
			projectRoot = "";
			targets = (
				5A9BE17C1AD90862002817C0 /* CoPilotPlugin */,
				5A0156981AE2619700EED621 /* CoPilotPluginTests */,
			);
		};
/* End PBXProject section */

/* Begin PBXReferenceProxy section */
		5A0156AB1AE2629C00EED621 /* Nimble.framework */ = {
			isa = PBXReferenceProxy;
			fileType = wrapper.framework;
			path = Nimble.framework;
			remoteRef = 5A0156AA1AE2629C00EED621 /* PBXContainerItemProxy */;
			sourceTree = BUILT_PRODUCTS_DIR;
		};
		5A0156AD1AE2629C00EED621 /* NimbleTests.xctest */ = {
			isa = PBXReferenceProxy;
			fileType = wrapper.cfbundle;
			path = NimbleTests.xctest;
			remoteRef = 5A0156AC1AE2629C00EED621 /* PBXContainerItemProxy */;
			sourceTree = BUILT_PRODUCTS_DIR;
		};
		5A0156AF1AE2629C00EED621 /* Nimble.framework */ = {
			isa = PBXReferenceProxy;
			fileType = wrapper.framework;
			path = Nimble.framework;
			remoteRef = 5A0156AE1AE2629C00EED621 /* PBXContainerItemProxy */;
			sourceTree = BUILT_PRODUCTS_DIR;
		};
		5A0156B11AE2629C00EED621 /* NimbleTests.xctest */ = {
			isa = PBXReferenceProxy;
			fileType = wrapper.cfbundle;
			path = NimbleTests.xctest;
			remoteRef = 5A0156B01AE2629C00EED621 /* PBXContainerItemProxy */;
			sourceTree = BUILT_PRODUCTS_DIR;
		};
		5A0156BF1AE263F500EED621 /* DiffMatchPatch.framework */ = {
			isa = PBXReferenceProxy;
			fileType = wrapper.framework;
			path = DiffMatchPatch.framework;
			remoteRef = 5A0156BE1AE263F500EED621 /* PBXContainerItemProxy */;
			sourceTree = BUILT_PRODUCTS_DIR;
		};
		5A0156C11AE263F500EED621 /* DiffMatchPatchTest.xctest */ = {
			isa = PBXReferenceProxy;
			fileType = wrapper.cfbundle;
			path = DiffMatchPatchTest.xctest;
			remoteRef = 5A0156C01AE263F500EED621 /* PBXContainerItemProxy */;
			sourceTree = BUILT_PRODUCTS_DIR;
		};
		5A6B141E1AE65AE3006EBB31 /* DiffMatchPatch OSX Tests.xctest */ = {
			isa = PBXReferenceProxy;
			fileType = wrapper.cfbundle;
			path = "DiffMatchPatch OSX Tests.xctest";
			remoteRef = 5A6B141D1AE65AE3006EBB31 /* PBXContainerItemProxy */;
			sourceTree = BUILT_PRODUCTS_DIR;
		};
		5AB35B8E1AF22F1C00AF2F22 /* libPocketSocket-OSX.dylib */ = {
			isa = PBXReferenceProxy;
			fileType = "compiled.mach-o.dylib";
			path = "libPocketSocket-OSX.dylib";
			remoteRef = 5AB35B8D1AF22F1C00AF2F22 /* PBXContainerItemProxy */;
			sourceTree = BUILT_PRODUCTS_DIR;
		};
		5AD1E7F91AE26ABD0017CEEE /* DiffMatchPatch.framework */ = {
			isa = PBXReferenceProxy;
			fileType = wrapper.framework;
			path = DiffMatchPatch.framework;
			remoteRef = 5AD1E7F81AE26ABD0017CEEE /* PBXContainerItemProxy */;
			sourceTree = BUILT_PRODUCTS_DIR;
		};
		5AD1E80B1AE271C10017CEEE /* CryptoSwift.framework */ = {
			isa = PBXReferenceProxy;
			fileType = wrapper.framework;
			path = CryptoSwift.framework;
			remoteRef = 5AD1E80A1AE271C10017CEEE /* PBXContainerItemProxy */;
			sourceTree = BUILT_PRODUCTS_DIR;
		};
		5AD1E80D1AE271C10017CEEE /* CryptoSwiftTests.xctest */ = {
			isa = PBXReferenceProxy;
			fileType = wrapper.cfbundle;
			path = CryptoSwiftTests.xctest;
			remoteRef = 5AD1E80C1AE271C10017CEEE /* PBXContainerItemProxy */;
			sourceTree = BUILT_PRODUCTS_DIR;
		};
		5AD1E8281AE29FE80017CEEE /* FeinstrukturUtils.framework */ = {
			isa = PBXReferenceProxy;
			fileType = wrapper.framework;
			path = FeinstrukturUtils.framework;
			remoteRef = 5AD1E8271AE29FE80017CEEE /* PBXContainerItemProxy */;
			sourceTree = BUILT_PRODUCTS_DIR;
		};
		5AD1E82A1AE29FE80017CEEE /* FeinstrukturUtilsTests.xctest */ = {
			isa = PBXReferenceProxy;
			fileType = wrapper.cfbundle;
			path = FeinstrukturUtilsTests.xctest;
			remoteRef = 5AD1E8291AE29FE80017CEEE /* PBXContainerItemProxy */;
			sourceTree = BUILT_PRODUCTS_DIR;
		};
		5AD1E8751AE2A2BC0017CEEE /* FeinstrukturUtils.framework */ = {
			isa = PBXReferenceProxy;
			fileType = wrapper.framework;
			path = FeinstrukturUtils.framework;
			remoteRef = 5AD1E8741AE2A2BC0017CEEE /* PBXContainerItemProxy */;
			sourceTree = BUILT_PRODUCTS_DIR;
		};
		5AD85FC71AF22C95007A52F9 /* libPocketSocket.a */ = {
			isa = PBXReferenceProxy;
			fileType = archive.ar;
			path = libPocketSocket.a;
			remoteRef = 5AD85FC61AF22C95007A52F9 /* PBXContainerItemProxy */;
			sourceTree = BUILT_PRODUCTS_DIR;
		};
		5AD85FC91AF22C95007A52F9 /* PSAutobahnClientTests.xctest */ = {
			isa = PBXReferenceProxy;
			fileType = wrapper.cfbundle;
			path = PSAutobahnClientTests.xctest;
			remoteRef = 5AD85FC81AF22C95007A52F9 /* PBXContainerItemProxy */;
			sourceTree = BUILT_PRODUCTS_DIR;
		};
		5AE5A99A1AFE11A300480382 /* libPods-CoPilotPlugin.a */ = {
			isa = PBXReferenceProxy;
			fileType = archive.ar;
			path = "libPods-CoPilotPlugin.a";
			remoteRef = 5AE5A9991AFE11A300480382 /* PBXContainerItemProxy */;
			sourceTree = BUILT_PRODUCTS_DIR;
		};
		5AE5A99C1AFE11A300480382 /* libPods-CoPilotPlugin-DTXcodeUtils.a */ = {
			isa = PBXReferenceProxy;
			fileType = archive.ar;
			path = "libPods-CoPilotPlugin-DTXcodeUtils.a";
			remoteRef = 5AE5A99B1AFE11A300480382 /* PBXContainerItemProxy */;
			sourceTree = BUILT_PRODUCTS_DIR;
		};
/* End PBXReferenceProxy section */

/* Begin PBXResourcesBuildPhase section */
		5A0156971AE2619700EED621 /* Resources */ = {
			isa = PBXResourcesBuildPhase;
			buildActionMask = 2147483647;
			files = (
				5A6A69961B034E7A00F718C5 /* test_a.txt in Resources */,
				5A6A69981B034E8E00F718C5 /* test_b.txt in Resources */,
				5A17D91C1AF3CF9100429B79 /* new_playground.txt in Resources */,
			);
			runOnlyForDeploymentPostprocessing = 0;
		};
		5A9BE17B1AD90862002817C0 /* Resources */ = {
			isa = PBXResourcesBuildPhase;
			buildActionMask = 2147483647;
			files = (
				5A6B14281AE674E3006EBB31 /* MainController.xib in Resources */,
				5A9BE1831AD90862002817C0 /* CoPilotPlugin.xcscheme in Resources */,
				5A7F36D41B04CD28006CFB97 /* ConnectedController.xib in Resources */,
			);
			runOnlyForDeploymentPostprocessing = 0;
		};
/* End PBXResourcesBuildPhase section */

/* Begin PBXShellScriptBuildPhase section */
		6A99EF398B3026E826CCE97F /* Copy Pods Resources */ = {
			isa = PBXShellScriptBuildPhase;
			buildActionMask = 2147483647;
			files = (
			);
			inputPaths = (
			);
			name = "Copy Pods Resources";
			outputPaths = (
			);
			runOnlyForDeploymentPostprocessing = 0;
			shellPath = /bin/sh;
			shellScript = "\"${SRCROOT}/Pods/Target Support Files/Pods-CoPilotPlugin/Pods-CoPilotPlugin-resources.sh\"\n";
			showEnvVarsInLog = 0;
		};
		E47B13D07D9C77AA3FE67339 /* Check Pods Manifest.lock */ = {
			isa = PBXShellScriptBuildPhase;
			buildActionMask = 2147483647;
			files = (
			);
			inputPaths = (
			);
			name = "Check Pods Manifest.lock";
			outputPaths = (
			);
			runOnlyForDeploymentPostprocessing = 0;
			shellPath = /bin/sh;
			shellScript = "diff \"${PODS_ROOT}/../Podfile.lock\" \"${PODS_ROOT}/Manifest.lock\" > /dev/null\nif [[ $? != 0 ]] ; then\n    cat << EOM\nerror: The sandbox is not in sync with the Podfile.lock. Run 'pod install' or update your CocoaPods installation.\nEOM\n    exit 1\nfi\n";
			showEnvVarsInLog = 0;
		};
/* End PBXShellScriptBuildPhase section */

/* Begin PBXSourcesBuildPhase section */
		5A0156951AE2619700EED621 /* Sources */ = {
			isa = PBXSourcesBuildPhase;
			buildActionMask = 2147483647;
			files = (
				5AB3A85D1B0BBBAB0068EE3A /* Selection.swift in Sources */,
				5A4D7DAB1AF366B1005E0294 /* CommandTests.swift in Sources */,
				5AC8A9751AE541C80097FF8D /* Browser.swift in Sources */,
				5AC8A9781AE542440097FF8D /* Bonjour.swift in Sources */,
				5A76F5B01B0236B600B67B7F /* ConnectionManagerTests.swift in Sources */,
				5A4B411E1AF3C71400BEC7BF /* DocClientServerTests.swift in Sources */,
				5A76F5B11B0236DA00B67B7F /* ConnectionManager.swift in Sources */,
				5AA3C0E71B1394D800CC9B4F /* Server.swift in Sources */,
				5A0983D11AE39E5B001ADB1F /* Diff.swift in Sources */,
				5AA1D6611AFA52AA00FD107E /* Utils.swift in Sources */,
				5ABAACF21B11016900703634 /* Protocols.swift in Sources */,
				5ACE1BAB1AFDEABE00154511 /* Changeset.swift in Sources */,
				5AD8E6051B0FC112000F7D6E /* Cursor.swift in Sources */,
				5AF58A231B032D6C00558448 /* XcodeUtils+mock.swift in Sources */,
				5A6B14291AE68651006EBB31 /* Resolver.swift in Sources */,
				5AC8A9681AE4E3870097FF8D /* BonjourTests.swift in Sources */,
				5ACE1B9D1AFDEA4F00154511 /* Document.swift in Sources */,
				5A01569E1AE2619700EED621 /* DiffTests.swift in Sources */,
				5A76F5B41B02377500B67B7F /* ConnectedEditor.swift in Sources */,
				5ADA75931AF24D220074D8F0 /* WebSocket.swift in Sources */,
				5A66AA151AF91CFC0098BD77 /* DocServer.swift in Sources */,
				5AD85FBB1AF2263E007A52F9 /* ServerTests.swift in Sources */,
				5A4D7D9E1AF363FB005E0294 /* Command.swift in Sources */,
				5AFE91581B04AB0C00E6E5A1 /* IssueTests.swift in Sources */,
				5A6377711B0B4B4B005C2637 /* DocNode.swift in Sources */,
				5AA336F01AFA06B2000E37B2 /* DocClient.swift in Sources */,
			);
			runOnlyForDeploymentPostprocessing = 0;
		};
		5A9BE17A1AD90862002817C0 /* Sources */ = {
			isa = PBXSourcesBuildPhase;
			buildActionMask = 2147483647;
			files = (
				5A0983D01AE39E5B001ADB1F /* Diff.swift in Sources */,
				5A9BE1851AD90862002817C0 /* CoPilotPlugin.swift in Sources */,
				5AD8E5F91B0FBD8B000F7D6E /* Cursor.swift in Sources */,
				5ABAACF11B11016900703634 /* Protocols.swift in Sources */,
				5A76F5B31B02377500B67B7F /* ConnectedEditor.swift in Sources */,
				5ACE1BAA1AFDEABE00154511 /* Changeset.swift in Sources */,
				5AC8A9741AE541C80097FF8D /* Browser.swift in Sources */,
				5AA336EF1AFA06B2000E37B2 /* DocClient.swift in Sources */,
				5A4D7D9D1AF363FB005E0294 /* Command.swift in Sources */,
				5AA3C0E61B1394D800CC9B4F /* Server.swift in Sources */,
				5A6B13EC1AE655FF006EBB31 /* Resolver.swift in Sources */,
				5A6B14271AE674E3006EBB31 /* MainController.swift in Sources */,
				5AC8A9771AE542440097FF8D /* Bonjour.swift in Sources */,
				5ADA75921AF24D220074D8F0 /* WebSocket.swift in Sources */,
				5A7F36D31B04CD28006CFB97 /* ConnectedController.swift in Sources */,
				5ACE1B9C1AFDEA4F00154511 /* Document.swift in Sources */,
				5AEDE5471B01F706005F87F3 /* XcodeUtils.swift in Sources */,
				5A76F5A31B02359800B67B7F /* ConnectionManager.swift in Sources */,
				5AB3A85C1B0BBBAB0068EE3A /* Selection.swift in Sources */,
				5A6377701B0B4B4B005C2637 /* DocNode.swift in Sources */,
				5A66AA141AF91CFC0098BD77 /* DocServer.swift in Sources */,
				5AA1D6601AFA52AA00FD107E /* Utils.swift in Sources */,
			);
			runOnlyForDeploymentPostprocessing = 0;
		};
/* End PBXSourcesBuildPhase section */

/* Begin PBXTargetDependency section */
		5A0156B41AE262F800EED621 /* PBXTargetDependency */ = {
			isa = PBXTargetDependency;
			name = "Nimble-OSX";
			targetProxy = 5A0156B31AE262F800EED621 /* PBXContainerItemProxy */;
		};
		5A6A69831B03423F00F718C5 /* PBXTargetDependency */ = {
			isa = PBXTargetDependency;
			name = "FeinstrukturUtils-OSX";
			targetProxy = 5A6A69821B03423F00F718C5 /* PBXContainerItemProxy */;
		};
		5A6A69901B03425100F718C5 /* PBXTargetDependency */ = {
			isa = PBXTargetDependency;
			name = CryptoSwift;
			targetProxy = 5A6A698F1B03425100F718C5 /* PBXContainerItemProxy */;
		};
		5A6A69921B03427D00F718C5 /* PBXTargetDependency */ = {
			isa = PBXTargetDependency;
			name = "PocketSocket-OSX";
			targetProxy = 5A6A69911B03427D00F718C5 /* PBXContainerItemProxy */;
		};
		5A6A69941B03428200F718C5 /* PBXTargetDependency */ = {
			isa = PBXTargetDependency;
			name = "DiffMatchPatch-OSX";
			targetProxy = 5A6A69931B03428200F718C5 /* PBXContainerItemProxy */;
		};
		5AB35B911AF22F4100AF2F22 /* PBXTargetDependency */ = {
			isa = PBXTargetDependency;
			name = "PocketSocket-OSX";
			targetProxy = 5AB35B901AF22F4100AF2F22 /* PBXContainerItemProxy */;
		};
		5AD1E7FF1AE26B1F0017CEEE /* PBXTargetDependency */ = {
			isa = PBXTargetDependency;
			name = "DiffMatchPatch-OSX";
			targetProxy = 5AD1E7FE1AE26B1F0017CEEE /* PBXContainerItemProxy */;
		};
		5AD1E8181AE273A20017CEEE /* PBXTargetDependency */ = {
			isa = PBXTargetDependency;
			name = CryptoSwift;
			targetProxy = 5AD1E8171AE273A20017CEEE /* PBXContainerItemProxy */;
		};
		5AD1E87E1AE2A3090017CEEE /* PBXTargetDependency */ = {
			isa = PBXTargetDependency;
			name = "FeinstrukturUtils-OSX";
			targetProxy = 5AD1E87D1AE2A3090017CEEE /* PBXContainerItemProxy */;
		};
		5AE5A99E1AFE11AF00480382 /* PBXTargetDependency */ = {
			isa = PBXTargetDependency;
			name = "Pods-CoPilotPlugin";
			targetProxy = 5AE5A99D1AFE11AF00480382 /* PBXContainerItemProxy */;
		};
		5AE5A9A01AFE11AF00480382 /* PBXTargetDependency */ = {
			isa = PBXTargetDependency;
			name = "Pods-CoPilotPlugin-DTXcodeUtils";
			targetProxy = 5AE5A99F1AFE11AF00480382 /* PBXContainerItemProxy */;
		};
/* End PBXTargetDependency section */

/* Begin XCBuildConfiguration section */
		5A01569F1AE2619700EED621 /* Debug */ = {
			isa = XCBuildConfiguration;
			buildSettings = {
				CLANG_ENABLE_MODULES = YES;
				COMBINE_HIDPI_IMAGES = YES;
				DEBUG_INFORMATION_FORMAT = dwarf;
				FRAMEWORK_SEARCH_PATHS = (
					"$(DEVELOPER_FRAMEWORKS_DIR)",
					"$(inherited)",
				);
				GCC_PREPROCESSOR_DEFINITIONS = (
					"DEBUG=1",
					"$(inherited)",
				);
				HEADER_SEARCH_PATHS = (
					"$(inherited)",
					/Applications/Xcode.app/Contents/Developer/Toolchains/XcodeDefault.xctoolchain/usr/include,
					"$(PROJECT_DIR)/External/**",
				);
				INFOPLIST_FILE = CoPilotPluginTests/Info.plist;
				LD_RUNPATH_SEARCH_PATHS = "$(inherited) @executable_path/../Frameworks @loader_path/../Frameworks";
				MACOSX_DEPLOYMENT_TARGET = 10.10;
				PRODUCT_NAME = "$(TARGET_NAME)";
				SDKROOT = macosx;
				SWIFT_OBJC_BRIDGING_HEADER = "CoPilotPluginTests/CoPilotPluginTests-Bridging-Header.h";
				SWIFT_OPTIMIZATION_LEVEL = "-Onone";
			};
			name = Debug;
		};
		5A0156A01AE2619700EED621 /* Release */ = {
			isa = XCBuildConfiguration;
			buildSettings = {
				CLANG_ENABLE_MODULES = YES;
				COMBINE_HIDPI_IMAGES = YES;
				DEBUG_INFORMATION_FORMAT = "dwarf-with-dsym";
				FRAMEWORK_SEARCH_PATHS = (
					"$(DEVELOPER_FRAMEWORKS_DIR)",
					"$(inherited)",
				);
				HEADER_SEARCH_PATHS = (
					"$(inherited)",
					/Applications/Xcode.app/Contents/Developer/Toolchains/XcodeDefault.xctoolchain/usr/include,
					"$(PROJECT_DIR)/External/**",
				);
				INFOPLIST_FILE = CoPilotPluginTests/Info.plist;
				LD_RUNPATH_SEARCH_PATHS = "$(inherited) @executable_path/../Frameworks @loader_path/../Frameworks";
				MACOSX_DEPLOYMENT_TARGET = 10.10;
				PRODUCT_NAME = "$(TARGET_NAME)";
				SDKROOT = macosx;
				SWIFT_OBJC_BRIDGING_HEADER = "CoPilotPluginTests/CoPilotPluginTests-Bridging-Header.h";
			};
			name = Release;
		};
		5A9BE1861AD90862002817C0 /* Debug */ = {
			isa = XCBuildConfiguration;
			buildSettings = {
				ALWAYS_SEARCH_USER_PATHS = NO;
				CLANG_CXX_LANGUAGE_STANDARD = "gnu++0x";
				CLANG_CXX_LIBRARY = "libc++";
				CLANG_ENABLE_MODULES = YES;
				CLANG_ENABLE_OBJC_ARC = YES;
				CLANG_WARN_BOOL_CONVERSION = YES;
				CLANG_WARN_CONSTANT_CONVERSION = YES;
				CLANG_WARN_DIRECT_OBJC_ISA_USAGE = YES_ERROR;
				CLANG_WARN_EMPTY_BODY = YES;
				CLANG_WARN_ENUM_CONVERSION = YES;
				CLANG_WARN_INT_CONVERSION = YES;
				CLANG_WARN_OBJC_ROOT_CLASS = YES_ERROR;
				CLANG_WARN_UNREACHABLE_CODE = YES;
				CLANG_WARN__DUPLICATE_METHOD_MATCH = YES;
				COPY_PHASE_STRIP = NO;
				ENABLE_STRICT_OBJC_MSGSEND = YES;
				GCC_C_LANGUAGE_STANDARD = gnu99;
				GCC_DYNAMIC_NO_PIC = NO;
				GCC_NO_COMMON_BLOCKS = YES;
				GCC_OPTIMIZATION_LEVEL = 0;
				GCC_PREPROCESSOR_DEFINITIONS = (
					"DEBUG=1",
					"$(inherited)",
				);
				GCC_SYMBOLS_PRIVATE_EXTERN = NO;
				GCC_WARN_64_TO_32_BIT_CONVERSION = YES;
				GCC_WARN_ABOUT_RETURN_TYPE = YES_ERROR;
				GCC_WARN_UNDECLARED_SELECTOR = YES;
				GCC_WARN_UNINITIALIZED_AUTOS = YES_AGGRESSIVE;
				GCC_WARN_UNUSED_FUNCTION = YES;
				GCC_WARN_UNUSED_VARIABLE = YES;
				HEADER_SEARCH_PATHS = (
					"$(inherited)",
					/Applications/Xcode.app/Contents/Developer/Toolchains/XcodeDefault.xctoolchain/usr/include,
					"$(PROJECT_DIT)/External/**",
				);
				MTL_ENABLE_DEBUG_INFO = YES;
				ONLY_ACTIVE_ARCH = YES;
			};
			name = Debug;
		};
		5A9BE1871AD90862002817C0 /* Release */ = {
			isa = XCBuildConfiguration;
			buildSettings = {
				ALWAYS_SEARCH_USER_PATHS = NO;
				CLANG_CXX_LANGUAGE_STANDARD = "gnu++0x";
				CLANG_CXX_LIBRARY = "libc++";
				CLANG_ENABLE_MODULES = YES;
				CLANG_ENABLE_OBJC_ARC = YES;
				CLANG_WARN_BOOL_CONVERSION = YES;
				CLANG_WARN_CONSTANT_CONVERSION = YES;
				CLANG_WARN_DIRECT_OBJC_ISA_USAGE = YES_ERROR;
				CLANG_WARN_EMPTY_BODY = YES;
				CLANG_WARN_ENUM_CONVERSION = YES;
				CLANG_WARN_INT_CONVERSION = YES;
				CLANG_WARN_OBJC_ROOT_CLASS = YES_ERROR;
				CLANG_WARN_UNREACHABLE_CODE = YES;
				CLANG_WARN__DUPLICATE_METHOD_MATCH = YES;
				COPY_PHASE_STRIP = NO;
				ENABLE_NS_ASSERTIONS = NO;
				ENABLE_STRICT_OBJC_MSGSEND = YES;
				GCC_C_LANGUAGE_STANDARD = gnu99;
				GCC_NO_COMMON_BLOCKS = YES;
				GCC_WARN_64_TO_32_BIT_CONVERSION = YES;
				GCC_WARN_ABOUT_RETURN_TYPE = YES_ERROR;
				GCC_WARN_UNDECLARED_SELECTOR = YES;
				GCC_WARN_UNINITIALIZED_AUTOS = YES_AGGRESSIVE;
				GCC_WARN_UNUSED_FUNCTION = YES;
				GCC_WARN_UNUSED_VARIABLE = YES;
				HEADER_SEARCH_PATHS = (
					"$(inherited)",
					/Applications/Xcode.app/Contents/Developer/Toolchains/XcodeDefault.xctoolchain/usr/include,
					"$(PROJECT_DIT)/External/**",
				);
				MTL_ENABLE_DEBUG_INFO = NO;
			};
			name = Release;
		};
		5A9BE1891AD90862002817C0 /* Debug */ = {
			isa = XCBuildConfiguration;
			baseConfigurationReference = 7FBB91E149A9581F9E082031 /* Pods-CoPilotPlugin.debug.xcconfig */;
			buildSettings = {
				CLANG_ENABLE_MODULES = YES;
				COMBINE_HIDPI_IMAGES = YES;
				DEPLOYMENT_LOCATION = YES;
				DSTROOT = "$(HOME)";
				EMBEDDED_CONTENT_CONTAINS_SWIFT = YES;
				HEADER_SEARCH_PATHS = (
					"$(inherited)",
					/Applications/Xcode.app/Contents/Developer/Toolchains/XcodeDefault.xctoolchain/usr/include,
					"$(PROJECT_DIR)/External/**",
				);
				INFOPLIST_FILE = CoPilotPlugin/Info.plist;
				INSTALL_PATH = "/Library/Application Support/Developer/Shared/Xcode/Plug-ins";
				LD_RUNPATH_SEARCH_PATHS = "$(DT_TOOLCHAIN_DIR)/usr/lib/swift/macosx @loader_path/../Frameworks";
				MACOSX_DEPLOYMENT_TARGET = 10.10;
				PRODUCT_NAME = CoPilot;
				PROVISIONING_PROFILE = "";
				SWIFT_OBJC_BRIDGING_HEADER = "CoPilotPlugin/CoPilotPlugin-Bridging-Header.h";
				SWIFT_OPTIMIZATION_LEVEL = "-Onone";
				WRAPPER_EXTENSION = xcplugin;
			};
			name = Debug;
		};
		5A9BE18A1AD90862002817C0 /* Release */ = {
			isa = XCBuildConfiguration;
			baseConfigurationReference = 0F2235F46F0E3D045D99009C /* Pods-CoPilotPlugin.release.xcconfig */;
			buildSettings = {
				CLANG_ENABLE_MODULES = YES;
				COMBINE_HIDPI_IMAGES = YES;
				DEPLOYMENT_LOCATION = YES;
				DSTROOT = "$(HOME)";
				EMBEDDED_CONTENT_CONTAINS_SWIFT = YES;
				HEADER_SEARCH_PATHS = (
					"$(inherited)",
					/Applications/Xcode.app/Contents/Developer/Toolchains/XcodeDefault.xctoolchain/usr/include,
					"$(PROJECT_DIR)/External/**",
				);
				INFOPLIST_FILE = CoPilotPlugin/Info.plist;
				INSTALL_PATH = "/Library/Application Support/Developer/Shared/Xcode/Plug-ins";
				LD_RUNPATH_SEARCH_PATHS = "$(DT_TOOLCHAIN_DIR)/usr/lib/swift/macosx @loader_path/../Frameworks";
				MACOSX_DEPLOYMENT_TARGET = 10.10;
				PRODUCT_NAME = CoPilot;
				PROVISIONING_PROFILE = "";
				SWIFT_OBJC_BRIDGING_HEADER = "CoPilotPlugin/CoPilotPlugin-Bridging-Header.h";
				WRAPPER_EXTENSION = xcplugin;
			};
			name = Release;
		};
/* End XCBuildConfiguration section */

/* Begin XCConfigurationList section */
		5A0156A11AE2619700EED621 /* Build configuration list for PBXNativeTarget "CoPilotPluginTests" */ = {
			isa = XCConfigurationList;
			buildConfigurations = (
				5A01569F1AE2619700EED621 /* Debug */,
				5A0156A01AE2619700EED621 /* Release */,
			);
			defaultConfigurationIsVisible = 0;
			defaultConfigurationName = Release;
		};
		5A9BE1791AD90862002817C0 /* Build configuration list for PBXProject "CoPilotPlugin" */ = {
			isa = XCConfigurationList;
			buildConfigurations = (
				5A9BE1861AD90862002817C0 /* Debug */,
				5A9BE1871AD90862002817C0 /* Release */,
			);
			defaultConfigurationIsVisible = 0;
			defaultConfigurationName = Release;
		};
		5A9BE1881AD90862002817C0 /* Build configuration list for PBXNativeTarget "CoPilotPlugin" */ = {
			isa = XCConfigurationList;
			buildConfigurations = (
				5A9BE1891AD90862002817C0 /* Debug */,
				5A9BE18A1AD90862002817C0 /* Release */,
			);
			defaultConfigurationIsVisible = 0;
			defaultConfigurationName = Release;
		};
/* End XCConfigurationList section */
	};
	rootObject = 5A9BE1761AD90862002817C0 /* Project object */;
}
